
Microsoft Visual Studio Solution File, Format Version 12.00
Project("{FAE04EC0-301F-11D3-BF4B-00C04F79EFBC}") = "Webapp", "Webapp\Webapp.csproj", "{A7803BF4-4BA2-43A5-89C3-EF0BDA3315F4}"
EndProject
Project("{FAE04EC0-301F-11D3-BF4B-00C04F79EFBC}") = "Domain.App", "Domain.App\Domain.App.csproj", "{47306C25-7BEF-4F0F-9F8C-1765D9649C64}"
EndProject
Project("{FAE04EC0-301F-11D3-BF4B-00C04F79EFBC}") = "PublicApi", "PublicApi\PublicApi.csproj", "{794681A1-980C-45A2-9F15-912F8A2E012D}"
EndProject
Project("{FAE04EC0-301F-11D3-BF4B-00C04F79EFBC}") = "DAL.App.EF", "DAL.App.EF\DAL.App.EF.csproj", "{DABFAD81-6577-4467-B0B2-5B898040E477}"
EndProject
Project("{2150E333-8FDC-42A3-9474-1A3956D46DE8}") = "DAL", "DAL", "{6DCB2DBD-3CEB-4490-9167-6F40FC463BF9}"
EndProject
Project("{2150E333-8FDC-42A3-9474-1A3956D46DE8}") = "Domain", "Domain", "{3988089E-84C7-4121-A299-4BAD7A50F57E}"
EndProject
Project("{2150E333-8FDC-42A3-9474-1A3956D46DE8}") = "API", "API", "{24349494-7495-436B-9BCE-001C1781FBB0}"
EndProject
Project("{FAE04EC0-301F-11D3-BF4B-00C04F79EFBC}") = "Domain.Base", "Domain\Domain.Base\Domain.Base.csproj", "{18861196-94FF-436D-80D7-87738CBC7187}"
EndProject
Project("{FAE04EC0-301F-11D3-BF4B-00C04F79EFBC}") = "Contracts.Domain", "Domain\Contracts.Domain\Contracts.Domain.csproj", "{1B9627FF-3269-4DC2-8CEC-6F9441188A9D}"
EndProject
Project("{2150E333-8FDC-42A3-9474-1A3956D46DE8}") = "Contracts", "Contracts", "{5E18E781-0445-4440-8808-6725E9E24459}"
EndProject
Project("{FAE04EC0-301F-11D3-BF4B-00C04F79EFBC}") = "Extensions", "Extensions\Extensions.csproj", "{BCCFA5EB-A0E7-44AF-9B15-0608DE600779}"
EndProject
Global
	GlobalSection(SolutionConfigurationPlatforms) = preSolution
		Debug|Any CPU = Debug|Any CPU
		Release|Any CPU = Release|Any CPU
	EndGlobalSection
	GlobalSection(ProjectConfigurationPlatforms) = postSolution
		{A7803BF4-4BA2-43A5-89C3-EF0BDA3315F4}.Debug|Any CPU.ActiveCfg = Debug|Any CPU
		{A7803BF4-4BA2-43A5-89C3-EF0BDA3315F4}.Debug|Any CPU.Build.0 = Debug|Any CPU
		{A7803BF4-4BA2-43A5-89C3-EF0BDA3315F4}.Release|Any CPU.ActiveCfg = Release|Any CPU
		{A7803BF4-4BA2-43A5-89C3-EF0BDA3315F4}.Release|Any CPU.Build.0 = Release|Any CPU
		{47306C25-7BEF-4F0F-9F8C-1765D9649C64}.Debug|Any CPU.ActiveCfg = Debug|Any CPU
		{47306C25-7BEF-4F0F-9F8C-1765D9649C64}.Debug|Any CPU.Build.0 = Debug|Any CPU
		{47306C25-7BEF-4F0F-9F8C-1765D9649C64}.Release|Any CPU.ActiveCfg = Release|Any CPU
		{47306C25-7BEF-4F0F-9F8C-1765D9649C64}.Release|Any CPU.Build.0 = Release|Any CPU
		{794681A1-980C-45A2-9F15-912F8A2E012D}.Debug|Any CPU.ActiveCfg = Debug|Any CPU
		{794681A1-980C-45A2-9F15-912F8A2E012D}.Debug|Any CPU.Build.0 = Debug|Any CPU
		{794681A1-980C-45A2-9F15-912F8A2E012D}.Release|Any CPU.ActiveCfg = Release|Any CPU
		{794681A1-980C-45A2-9F15-912F8A2E012D}.Release|Any CPU.Build.0 = Release|Any CPU
		{DABFAD81-6577-4467-B0B2-5B898040E477}.Debug|Any CPU.ActiveCfg = Debug|Any CPU
		{DABFAD81-6577-4467-B0B2-5B898040E477}.Debug|Any CPU.Build.0 = Debug|Any CPU
		{DABFAD81-6577-4467-B0B2-5B898040E477}.Release|Any CPU.ActiveCfg = Release|Any CPU
		{DABFAD81-6577-4467-B0B2-5B898040E477}.Release|Any CPU.Build.0 = Release|Any CPU
		{18861196-94FF-436D-80D7-87738CBC7187}.Debug|Any CPU.ActiveCfg = Debug|Any CPU
		{18861196-94FF-436D-80D7-87738CBC7187}.Debug|Any CPU.Build.0 = Debug|Any CPU
		{18861196-94FF-436D-80D7-87738CBC7187}.Release|Any CPU.ActiveCfg = Release|Any CPU
		{18861196-94FF-436D-80D7-87738CBC7187}.Release|Any CPU.Build.0 = Release|Any CPU
		{1B9627FF-3269-4DC2-8CEC-6F9441188A9D}.Debug|Any CPU.ActiveCfg = Debug|Any CPU
		{1B9627FF-3269-4DC2-8CEC-6F9441188A9D}.Debug|Any CPU.Build.0 = Debug|Any CPU
		{1B9627FF-3269-4DC2-8CEC-6F9441188A9D}.Release|Any CPU.ActiveCfg = Release|Any CPU
		{1B9627FF-3269-4DC2-8CEC-6F9441188A9D}.Release|Any CPU.Build.0 = Release|Any CPU
		{BCCFA5EB-A0E7-44AF-9B15-0608DE600779}.Debug|Any CPU.ActiveCfg = Debug|Any CPU
		{BCCFA5EB-A0E7-44AF-9B15-0608DE600779}.Debug|Any CPU.Build.0 = Debug|Any CPU
		{BCCFA5EB-A0E7-44AF-9B15-0608DE600779}.Release|Any CPU.ActiveCfg = Release|Any CPU
		{BCCFA5EB-A0E7-44AF-9B15-0608DE600779}.Release|Any CPU.Build.0 = Release|Any CPU
	EndGlobalSection
	GlobalSection(NestedProjects) = preSolution
		{794681A1-980C-45A2-9F15-912F8A2E012D} = {24349494-7495-436B-9BCE-001C1781FBB0}
		{47306C25-7BEF-4F0F-9F8C-1765D9649C64} = {3988089E-84C7-4121-A299-4BAD7A50F57E}
		{DABFAD81-6577-4467-B0B2-5B898040E477} = {6DCB2DBD-3CEB-4490-9167-6F40FC463BF9}
		{18861196-94FF-436D-80D7-87738CBC7187} = {3988089E-84C7-4121-A299-4BAD7A50F57E}
		{1B9627FF-3269-4DC2-8CEC-6F9441188A9D} = {5E18E781-0445-4440-8808-6725E9E24459}
	EndGlobalSection
EndGlobal
