
Microsoft Visual Studio Solution File, Format Version 12.00
Project("{FAE04EC0-301F-11D3-BF4B-00C04F79EFBC}") = "Webapp", "Webapp\Webapp.csproj", "{A7803BF4-4BA2-43A5-89C3-EF0BDA3315F4}"
EndProject
Project("{FAE04EC0-301F-11D3-BF4B-00C04F79EFBC}") = "DAL.App.Entities", "DAL.App.Entities\DAL.App.Entities.csproj", "{47306C25-7BEF-4F0F-9F8C-1765D9649C64}"
EndProject
Project("{FAE04EC0-301F-11D3-BF4B-00C04F79EFBC}") = "AppAPI", "AppAPI\AppAPI.csproj", "{794681A1-980C-45A2-9F15-912F8A2E012D}"
EndProject
Project("{FAE04EC0-301F-11D3-BF4B-00C04F79EFBC}") = "DAL.App.EF", "DAL.App.EF\DAL.App.EF.csproj", "{DABFAD81-6577-4467-B0B2-5B898040E477}"
EndProject
Project("{2150E333-8FDC-42A3-9474-1A3956D46DE8}") = "DAL", "DAL", "{6DCB2DBD-3CEB-4490-9167-6F40FC463BF9}"
EndProject
Project("{2150E333-8FDC-42A3-9474-1A3956D46DE8}") = "API", "API", "{24349494-7495-436B-9BCE-001C1781FBB0}"
EndProject
Project("{FAE04EC0-301F-11D3-BF4B-00C04F79EFBC}") = "DAL.Base.Entities", "Domain\DAL.Base.Entities\DAL.Base.Entities.csproj", "{18861196-94FF-436D-80D7-87738CBC7187}"
EndProject
Project("{FAE04EC0-301F-11D3-BF4B-00C04F79EFBC}") = "DAL.Contracts", "Domain\DAL.Contracts\DAL.Contracts.csproj", "{1B9627FF-3269-4DC2-8CEC-6F9441188A9D}"
EndProject
Project("{FAE04EC0-301F-11D3-BF4B-00C04F79EFBC}") = "Extensions", "Extensions\Extensions.csproj", "{BCCFA5EB-A0E7-44AF-9B15-0608DE600779}"
EndProject
Project("{2150E333-8FDC-42A3-9474-1A3956D46DE8}") = "BLL", "BLL", "{2FF59A41-6455-4864-9630-14C6D7BC9E27}"
EndProject
Project("{FAE04EC0-301F-11D3-BF4B-00C04F79EFBC}") = "BLL.App", "BLL.App\BLL.App.csproj", "{59FDF95C-DFEC-4E8F-ADE6-C4E5941A55BA}"
EndProject
Project("{FAE04EC0-301F-11D3-BF4B-00C04F79EFBC}") = "BLL.Contracts", "BLL.Contracts\BLL.Contracts.csproj", "{DC78266C-0BAA-4890-9376-C0254A16EFE4}"
EndProject
Project("{FAE04EC0-301F-11D3-BF4B-00C04F79EFBC}") = "DAL.App.UnitOfWork", "DAL.App.UnitOfWork\DAL.App.UnitOfWork.csproj", "{49364E7E-CAD0-4603-A94A-BE13857263CA}"
EndProject
Project("{FAE04EC0-301F-11D3-BF4B-00C04F79EFBC}") = "DAL.Base.UnitOfWork", "DAL.Base.UnitOfWork\DAL.Base.UnitOfWork.csproj", "{FEFD888E-2C68-4B89-B645-35840D8C9E9E}"
EndProject
Project("{FAE04EC0-301F-11D3-BF4B-00C04F79EFBC}") = "DAL.Contracts.Entities", "DAL.Contracts.Entities\DAL.Contracts.Entities.csproj", "{D9F630F3-B9C3-47A6-A236-B1FC6DDB78FC}"
EndProject
Project("{FAE04EC0-301F-11D3-BF4B-00C04F79EFBC}") = "DAL.Contracts.UnitOfWork", "DAL.Contracts.UnitOfWork\DAL.Contracts.UnitOfWork.csproj", "{ECC6E771-1ECC-407C-9142-51ECD2828A8D}"
EndProject
Project("{2150E333-8FDC-42A3-9474-1A3956D46DE8}") = "Entities", "Entities", "{FE49B11A-7FA8-41C2-9C15-30D29C2E44F7}"
EndProject
Project("{2150E333-8FDC-42A3-9474-1A3956D46DE8}") = "UnitOfWork", "UnitOfWork", "{A2451924-ED10-4BE9-B1A3-956EAEF16D12}"
EndProject
Project("{FAE04EC0-301F-11D3-BF4B-00C04F79EFBC}") = "BLL.Base", "BLL.Base\BLL.Base.csproj", "{EAC92576-70FB-4636-86EA-755A886C97D1}"
EndProject
Project("{FAE04EC0-301F-11D3-BF4B-00C04F79EFBC}") = "DAL.App.DTO", "DAL.App.DTO\DAL.App.DTO.csproj", "{D874C3A5-C8D2-40C7-9A0B-15F20C7F1117}"
EndProject
Project("{FAE04EC0-301F-11D3-BF4B-00C04F79EFBC}") = "DAL.App.Mapper", "DAL.App.Mapper\DAL.App.Mapper.csproj", "{B0BD4D6D-6E91-4C73-8670-B1464A4D111B}"
EndProject
Global
	GlobalSection(SolutionConfigurationPlatforms) = preSolution
		Debug|Any CPU = Debug|Any CPU
		Release|Any CPU = Release|Any CPU
	EndGlobalSection
	GlobalSection(ProjectConfigurationPlatforms) = postSolution
		{A7803BF4-4BA2-43A5-89C3-EF0BDA3315F4}.Debug|Any CPU.ActiveCfg = Debug|Any CPU
		{A7803BF4-4BA2-43A5-89C3-EF0BDA3315F4}.Debug|Any CPU.Build.0 = Debug|Any CPU
		{A7803BF4-4BA2-43A5-89C3-EF0BDA3315F4}.Release|Any CPU.ActiveCfg = Release|Any CPU
		{A7803BF4-4BA2-43A5-89C3-EF0BDA3315F4}.Release|Any CPU.Build.0 = Release|Any CPU
		{47306C25-7BEF-4F0F-9F8C-1765D9649C64}.Debug|Any CPU.ActiveCfg = Debug|Any CPU
		{47306C25-7BEF-4F0F-9F8C-1765D9649C64}.Debug|Any CPU.Build.0 = Debug|Any CPU
		{47306C25-7BEF-4F0F-9F8C-1765D9649C64}.Release|Any CPU.ActiveCfg = Release|Any CPU
		{47306C25-7BEF-4F0F-9F8C-1765D9649C64}.Release|Any CPU.Build.0 = Release|Any CPU
		{794681A1-980C-45A2-9F15-912F8A2E012D}.Debug|Any CPU.ActiveCfg = Debug|Any CPU
		{794681A1-980C-45A2-9F15-912F8A2E012D}.Debug|Any CPU.Build.0 = Debug|Any CPU
		{794681A1-980C-45A2-9F15-912F8A2E012D}.Release|Any CPU.ActiveCfg = Release|Any CPU
		{794681A1-980C-45A2-9F15-912F8A2E012D}.Release|Any CPU.Build.0 = Release|Any CPU
		{DABFAD81-6577-4467-B0B2-5B898040E477}.Debug|Any CPU.ActiveCfg = Debug|Any CPU
		{DABFAD81-6577-4467-B0B2-5B898040E477}.Debug|Any CPU.Build.0 = Debug|Any CPU
		{DABFAD81-6577-4467-B0B2-5B898040E477}.Release|Any CPU.ActiveCfg = Release|Any CPU
		{DABFAD81-6577-4467-B0B2-5B898040E477}.Release|Any CPU.Build.0 = Release|Any CPU
		{18861196-94FF-436D-80D7-87738CBC7187}.Debug|Any CPU.ActiveCfg = Debug|Any CPU
		{18861196-94FF-436D-80D7-87738CBC7187}.Debug|Any CPU.Build.0 = Debug|Any CPU
		{18861196-94FF-436D-80D7-87738CBC7187}.Release|Any CPU.ActiveCfg = Release|Any CPU
		{18861196-94FF-436D-80D7-87738CBC7187}.Release|Any CPU.Build.0 = Release|Any CPU
		{1B9627FF-3269-4DC2-8CEC-6F9441188A9D}.Debug|Any CPU.ActiveCfg = Debug|Any CPU
		{1B9627FF-3269-4DC2-8CEC-6F9441188A9D}.Debug|Any CPU.Build.0 = Debug|Any CPU
		{1B9627FF-3269-4DC2-8CEC-6F9441188A9D}.Release|Any CPU.ActiveCfg = Release|Any CPU
		{1B9627FF-3269-4DC2-8CEC-6F9441188A9D}.Release|Any CPU.Build.0 = Release|Any CPU
		{BCCFA5EB-A0E7-44AF-9B15-0608DE600779}.Debug|Any CPU.ActiveCfg = Debug|Any CPU
		{BCCFA5EB-A0E7-44AF-9B15-0608DE600779}.Debug|Any CPU.Build.0 = Debug|Any CPU
		{BCCFA5EB-A0E7-44AF-9B15-0608DE600779}.Release|Any CPU.ActiveCfg = Release|Any CPU
		{BCCFA5EB-A0E7-44AF-9B15-0608DE600779}.Release|Any CPU.Build.0 = Release|Any CPU
		{59FDF95C-DFEC-4E8F-ADE6-C4E5941A55BA}.Debug|Any CPU.ActiveCfg = Debug|Any CPU
		{59FDF95C-DFEC-4E8F-ADE6-C4E5941A55BA}.Debug|Any CPU.Build.0 = Debug|Any CPU
		{59FDF95C-DFEC-4E8F-ADE6-C4E5941A55BA}.Release|Any CPU.ActiveCfg = Release|Any CPU
		{59FDF95C-DFEC-4E8F-ADE6-C4E5941A55BA}.Release|Any CPU.Build.0 = Release|Any CPU
		{DC78266C-0BAA-4890-9376-C0254A16EFE4}.Debug|Any CPU.ActiveCfg = Debug|Any CPU
		{DC78266C-0BAA-4890-9376-C0254A16EFE4}.Debug|Any CPU.Build.0 = Debug|Any CPU
		{DC78266C-0BAA-4890-9376-C0254A16EFE4}.Release|Any CPU.ActiveCfg = Release|Any CPU
		{DC78266C-0BAA-4890-9376-C0254A16EFE4}.Release|Any CPU.Build.0 = Release|Any CPU
		{49364E7E-CAD0-4603-A94A-BE13857263CA}.Debug|Any CPU.ActiveCfg = Debug|Any CPU
		{49364E7E-CAD0-4603-A94A-BE13857263CA}.Debug|Any CPU.Build.0 = Debug|Any CPU
		{49364E7E-CAD0-4603-A94A-BE13857263CA}.Release|Any CPU.ActiveCfg = Release|Any CPU
		{49364E7E-CAD0-4603-A94A-BE13857263CA}.Release|Any CPU.Build.0 = Release|Any CPU
		{FEFD888E-2C68-4B89-B645-35840D8C9E9E}.Debug|Any CPU.ActiveCfg = Debug|Any CPU
		{FEFD888E-2C68-4B89-B645-35840D8C9E9E}.Debug|Any CPU.Build.0 = Debug|Any CPU
		{FEFD888E-2C68-4B89-B645-35840D8C9E9E}.Release|Any CPU.ActiveCfg = Release|Any CPU
		{FEFD888E-2C68-4B89-B645-35840D8C9E9E}.Release|Any CPU.Build.0 = Release|Any CPU
		{D9F630F3-B9C3-47A6-A236-B1FC6DDB78FC}.Debug|Any CPU.ActiveCfg = Debug|Any CPU
		{D9F630F3-B9C3-47A6-A236-B1FC6DDB78FC}.Debug|Any CPU.Build.0 = Debug|Any CPU
		{D9F630F3-B9C3-47A6-A236-B1FC6DDB78FC}.Release|Any CPU.ActiveCfg = Release|Any CPU
		{D9F630F3-B9C3-47A6-A236-B1FC6DDB78FC}.Release|Any CPU.Build.0 = Release|Any CPU
		{ECC6E771-1ECC-407C-9142-51ECD2828A8D}.Debug|Any CPU.ActiveCfg = Debug|Any CPU
		{ECC6E771-1ECC-407C-9142-51ECD2828A8D}.Debug|Any CPU.Build.0 = Debug|Any CPU
		{ECC6E771-1ECC-407C-9142-51ECD2828A8D}.Release|Any CPU.ActiveCfg = Release|Any CPU
		{ECC6E771-1ECC-407C-9142-51ECD2828A8D}.Release|Any CPU.Build.0 = Release|Any CPU
		{EAC92576-70FB-4636-86EA-755A886C97D1}.Debug|Any CPU.ActiveCfg = Debug|Any CPU
		{EAC92576-70FB-4636-86EA-755A886C97D1}.Debug|Any CPU.Build.0 = Debug|Any CPU
		{EAC92576-70FB-4636-86EA-755A886C97D1}.Release|Any CPU.ActiveCfg = Release|Any CPU
		{EAC92576-70FB-4636-86EA-755A886C97D1}.Release|Any CPU.Build.0 = Release|Any CPU
		{D874C3A5-C8D2-40C7-9A0B-15F20C7F1117}.Debug|Any CPU.ActiveCfg = Debug|Any CPU
		{D874C3A5-C8D2-40C7-9A0B-15F20C7F1117}.Debug|Any CPU.Build.0 = Debug|Any CPU
		{D874C3A5-C8D2-40C7-9A0B-15F20C7F1117}.Release|Any CPU.ActiveCfg = Release|Any CPU
		{D874C3A5-C8D2-40C7-9A0B-15F20C7F1117}.Release|Any CPU.Build.0 = Release|Any CPU
		{B0BD4D6D-6E91-4C73-8670-B1464A4D111B}.Debug|Any CPU.ActiveCfg = Debug|Any CPU
		{B0BD4D6D-6E91-4C73-8670-B1464A4D111B}.Debug|Any CPU.Build.0 = Debug|Any CPU
		{B0BD4D6D-6E91-4C73-8670-B1464A4D111B}.Release|Any CPU.ActiveCfg = Release|Any CPU
		{B0BD4D6D-6E91-4C73-8670-B1464A4D111B}.Release|Any CPU.Build.0 = Release|Any CPU
	EndGlobalSection
	GlobalSection(NestedProjects) = preSolution
		{794681A1-980C-45A2-9F15-912F8A2E012D} = {24349494-7495-436B-9BCE-001C1781FBB0}
		{DABFAD81-6577-4467-B0B2-5B898040E477} = {6DCB2DBD-3CEB-4490-9167-6F40FC463BF9}
		{59FDF95C-DFEC-4E8F-ADE6-C4E5941A55BA} = {2FF59A41-6455-4864-9630-14C6D7BC9E27}
		{1B9627FF-3269-4DC2-8CEC-6F9441188A9D} = {6DCB2DBD-3CEB-4490-9167-6F40FC463BF9}
		{DC78266C-0BAA-4890-9376-C0254A16EFE4} = {2FF59A41-6455-4864-9630-14C6D7BC9E27}
		{FE49B11A-7FA8-41C2-9C15-30D29C2E44F7} = {6DCB2DBD-3CEB-4490-9167-6F40FC463BF9}
		{A2451924-ED10-4BE9-B1A3-956EAEF16D12} = {6DCB2DBD-3CEB-4490-9167-6F40FC463BF9}
		{47306C25-7BEF-4F0F-9F8C-1765D9649C64} = {FE49B11A-7FA8-41C2-9C15-30D29C2E44F7}
		{18861196-94FF-436D-80D7-87738CBC7187} = {FE49B11A-7FA8-41C2-9C15-30D29C2E44F7}
		{D9F630F3-B9C3-47A6-A236-B1FC6DDB78FC} = {FE49B11A-7FA8-41C2-9C15-30D29C2E44F7}
		{49364E7E-CAD0-4603-A94A-BE13857263CA} = {A2451924-ED10-4BE9-B1A3-956EAEF16D12}
		{FEFD888E-2C68-4B89-B645-35840D8C9E9E} = {A2451924-ED10-4BE9-B1A3-956EAEF16D12}
		{ECC6E771-1ECC-407C-9142-51ECD2828A8D} = {A2451924-ED10-4BE9-B1A3-956EAEF16D12}
		{EAC92576-70FB-4636-86EA-755A886C97D1} = {2FF59A41-6455-4864-9630-14C6D7BC9E27}
		{D874C3A5-C8D2-40C7-9A0B-15F20C7F1117} = {FE49B11A-7FA8-41C2-9C15-30D29C2E44F7}
		{B0BD4D6D-6E91-4C73-8670-B1464A4D111B} = {6DCB2DBD-3CEB-4490-9167-6F40FC463BF9}
	EndGlobalSection
EndGlobal
