
Microsoft Visual Studio Solution File, Format Version 12.00
Project("{FAE04EC0-301F-11D3-BF4B-00C04F79EFBC}") = "Webapp", "Webapp\Webapp.csproj", "{A7803BF4-4BA2-43A5-89C3-EF0BDA3315F4}"
EndProject
Project("{FAE04EC0-301F-11D3-BF4B-00C04F79EFBC}") = "DAL.App", "DAL.App\DAL.App.csproj", "{47306C25-7BEF-4F0F-9F8C-1765D9649C64}"
EndProject
Project("{FAE04EC0-301F-11D3-BF4B-00C04F79EFBC}") = "PublicApi", "PublicApi\PublicApi.csproj", "{794681A1-980C-45A2-9F15-912F8A2E012D}"
EndProject
Project("{FAE04EC0-301F-11D3-BF4B-00C04F79EFBC}") = "DAL.App.EF", "DAL.App.EF\DAL.App.EF.csproj", "{DABFAD81-6577-4467-B0B2-5B898040E477}"
EndProject
Project("{2150E333-8FDC-42A3-9474-1A3956D46DE8}") = "DAL", "DAL", "{6DCB2DBD-3CEB-4490-9167-6F40FC463BF9}"
EndProject
Project("{2150E333-8FDC-42A3-9474-1A3956D46DE8}") = "API", "API", "{24349494-7495-436B-9BCE-001C1781FBB0}"
EndProject
Project("{FAE04EC0-301F-11D3-BF4B-00C04F79EFBC}") = "DAL.Base", "Domain\DAL.Base\DAL.Base.csproj", "{18861196-94FF-436D-80D7-87738CBC7187}"
EndProject
Project("{FAE04EC0-301F-11D3-BF4B-00C04F79EFBC}") = "DAL.Contracts", "Domain\DAL.Contracts\DAL.Contracts.csproj", "{1B9627FF-3269-4DC2-8CEC-6F9441188A9D}"
EndProject
Project("{FAE04EC0-301F-11D3-BF4B-00C04F79EFBC}") = "Extensions", "Extensions\Extensions.csproj", "{BCCFA5EB-A0E7-44AF-9B15-0608DE600779}"
EndProject
Project("{2150E333-8FDC-42A3-9474-1A3956D46DE8}") = "BLL", "BLL", "{2FF59A41-6455-4864-9630-14C6D7BC9E27}"
EndProject
Project("{FAE04EC0-301F-11D3-BF4B-00C04F79EFBC}") = "BLL.App", "BLL.App\BLL.App.csproj", "{59FDF95C-DFEC-4E8F-ADE6-C4E5941A55BA}"
EndProject
Project("{FAE04EC0-301F-11D3-BF4B-00C04F79EFBC}") = "BLL.App.DTO", "BLL.App.DTO\BLL.App.DTO.csproj", "{F70E94CC-65C1-4676-BA48-C71E4A293994}"
EndProject
Project("{FAE04EC0-301F-11D3-BF4B-00C04F79EFBC}") = "BLL.Contracts", "BLL.Contracts\BLL.Contracts.csproj", "{DC78266C-0BAA-4890-9376-C0254A16EFE4}"
EndProject
Global
	GlobalSection(SolutionConfigurationPlatforms) = preSolution
		Debug|Any CPU = Debug|Any CPU
		Release|Any CPU = Release|Any CPU
	EndGlobalSection
	GlobalSection(ProjectConfigurationPlatforms) = postSolution
		{A7803BF4-4BA2-43A5-89C3-EF0BDA3315F4}.Debug|Any CPU.ActiveCfg = Debug|Any CPU
		{A7803BF4-4BA2-43A5-89C3-EF0BDA3315F4}.Debug|Any CPU.Build.0 = Debug|Any CPU
		{A7803BF4-4BA2-43A5-89C3-EF0BDA3315F4}.Release|Any CPU.ActiveCfg = Release|Any CPU
		{A7803BF4-4BA2-43A5-89C3-EF0BDA3315F4}.Release|Any CPU.Build.0 = Release|Any CPU
		{47306C25-7BEF-4F0F-9F8C-1765D9649C64}.Debug|Any CPU.ActiveCfg = Debug|Any CPU
		{47306C25-7BEF-4F0F-9F8C-1765D9649C64}.Debug|Any CPU.Build.0 = Debug|Any CPU
		{47306C25-7BEF-4F0F-9F8C-1765D9649C64}.Release|Any CPU.ActiveCfg = Release|Any CPU
		{47306C25-7BEF-4F0F-9F8C-1765D9649C64}.Release|Any CPU.Build.0 = Release|Any CPU
		{794681A1-980C-45A2-9F15-912F8A2E012D}.Debug|Any CPU.ActiveCfg = Debug|Any CPU
		{794681A1-980C-45A2-9F15-912F8A2E012D}.Debug|Any CPU.Build.0 = Debug|Any CPU
		{794681A1-980C-45A2-9F15-912F8A2E012D}.Release|Any CPU.ActiveCfg = Release|Any CPU
		{794681A1-980C-45A2-9F15-912F8A2E012D}.Release|Any CPU.Build.0 = Release|Any CPU
		{DABFAD81-6577-4467-B0B2-5B898040E477}.Debug|Any CPU.ActiveCfg = Debug|Any CPU
		{DABFAD81-6577-4467-B0B2-5B898040E477}.Debug|Any CPU.Build.0 = Debug|Any CPU
		{DABFAD81-6577-4467-B0B2-5B898040E477}.Release|Any CPU.ActiveCfg = Release|Any CPU
		{DABFAD81-6577-4467-B0B2-5B898040E477}.Release|Any CPU.Build.0 = Release|Any CPU
		{18861196-94FF-436D-80D7-87738CBC7187}.Debug|Any CPU.ActiveCfg = Debug|Any CPU
		{18861196-94FF-436D-80D7-87738CBC7187}.Debug|Any CPU.Build.0 = Debug|Any CPU
		{18861196-94FF-436D-80D7-87738CBC7187}.Release|Any CPU.ActiveCfg = Release|Any CPU
		{18861196-94FF-436D-80D7-87738CBC7187}.Release|Any CPU.Build.0 = Release|Any CPU
		{1B9627FF-3269-4DC2-8CEC-6F9441188A9D}.Debug|Any CPU.ActiveCfg = Debug|Any CPU
		{1B9627FF-3269-4DC2-8CEC-6F9441188A9D}.Debug|Any CPU.Build.0 = Debug|Any CPU
		{1B9627FF-3269-4DC2-8CEC-6F9441188A9D}.Release|Any CPU.ActiveCfg = Release|Any CPU
		{1B9627FF-3269-4DC2-8CEC-6F9441188A9D}.Release|Any CPU.Build.0 = Release|Any CPU
		{BCCFA5EB-A0E7-44AF-9B15-0608DE600779}.Debug|Any CPU.ActiveCfg = Debug|Any CPU
		{BCCFA5EB-A0E7-44AF-9B15-0608DE600779}.Debug|Any CPU.Build.0 = Debug|Any CPU
		{BCCFA5EB-A0E7-44AF-9B15-0608DE600779}.Release|Any CPU.ActiveCfg = Release|Any CPU
		{BCCFA5EB-A0E7-44AF-9B15-0608DE600779}.Release|Any CPU.Build.0 = Release|Any CPU
		{59FDF95C-DFEC-4E8F-ADE6-C4E5941A55BA}.Debug|Any CPU.ActiveCfg = Debug|Any CPU
		{59FDF95C-DFEC-4E8F-ADE6-C4E5941A55BA}.Debug|Any CPU.Build.0 = Debug|Any CPU
		{59FDF95C-DFEC-4E8F-ADE6-C4E5941A55BA}.Release|Any CPU.ActiveCfg = Release|Any CPU
		{59FDF95C-DFEC-4E8F-ADE6-C4E5941A55BA}.Release|Any CPU.Build.0 = Release|Any CPU
		{F70E94CC-65C1-4676-BA48-C71E4A293994}.Debug|Any CPU.ActiveCfg = Debug|Any CPU
		{F70E94CC-65C1-4676-BA48-C71E4A293994}.Debug|Any CPU.Build.0 = Debug|Any CPU
		{F70E94CC-65C1-4676-BA48-C71E4A293994}.Release|Any CPU.ActiveCfg = Release|Any CPU
		{F70E94CC-65C1-4676-BA48-C71E4A293994}.Release|Any CPU.Build.0 = Release|Any CPU
		{DC78266C-0BAA-4890-9376-C0254A16EFE4}.Debug|Any CPU.ActiveCfg = Debug|Any CPU
		{DC78266C-0BAA-4890-9376-C0254A16EFE4}.Debug|Any CPU.Build.0 = Debug|Any CPU
		{DC78266C-0BAA-4890-9376-C0254A16EFE4}.Release|Any CPU.ActiveCfg = Release|Any CPU
		{DC78266C-0BAA-4890-9376-C0254A16EFE4}.Release|Any CPU.Build.0 = Release|Any CPU
	EndGlobalSection
	GlobalSection(NestedProjects) = preSolution
		{794681A1-980C-45A2-9F15-912F8A2E012D} = {24349494-7495-436B-9BCE-001C1781FBB0}
		{DABFAD81-6577-4467-B0B2-5B898040E477} = {6DCB2DBD-3CEB-4490-9167-6F40FC463BF9}
		{59FDF95C-DFEC-4E8F-ADE6-C4E5941A55BA} = {2FF59A41-6455-4864-9630-14C6D7BC9E27}
		{F70E94CC-65C1-4676-BA48-C71E4A293994} = {2FF59A41-6455-4864-9630-14C6D7BC9E27}
		{47306C25-7BEF-4F0F-9F8C-1765D9649C64} = {6DCB2DBD-3CEB-4490-9167-6F40FC463BF9}
		{18861196-94FF-436D-80D7-87738CBC7187} = {6DCB2DBD-3CEB-4490-9167-6F40FC463BF9}
		{1B9627FF-3269-4DC2-8CEC-6F9441188A9D} = {6DCB2DBD-3CEB-4490-9167-6F40FC463BF9}
		{DC78266C-0BAA-4890-9376-C0254A16EFE4} = {2FF59A41-6455-4864-9630-14C6D7BC9E27}
	EndGlobalSection
EndGlobal
